
Microsoft Visual Studio Solution File, Format Version 12.00
# Visual Studio Version 17
VisualStudioVersion = 17.0.32112.339
MinimumVisualStudioVersion = 10.0.40219.1
Project("{FAE04EC0-301F-11D3-BF4B-00C04F79EFBC}") = "HelloKnight", "HelloKnight\HelloKnight.csproj", "{280A9169-D718-4A83-A150-7279045E40CC}"
EndProject
Global
	GlobalSection(SolutionConfigurationPlatforms) = preSolution
		Debug|Any CPU = Debug|Any CPU
		Release|Any CPU = Release|Any CPU
	EndGlobalSection
	GlobalSection(ProjectConfigurationPlatforms) = postSolution
		{280A9169-D718-4A83-A150-7279045E40CC}.Debug|Any CPU.ActiveCfg = Debug|Any CPU
		{280A9169-D718-4A83-A150-7279045E40CC}.Debug|Any CPU.Build.0 = Debug|Any CPU
		{280A9169-D718-4A83-A150-7279045E40CC}.Release|Any CPU.ActiveCfg = Release|Any CPU
		{280A9169-D718-4A83-A150-7279045E40CC}.Release|Any CPU.Build.0 = Release|Any CPU
	EndGlobalSection
	GlobalSection(SolutionProperties) = preSolution
		HideSolutionNode = FALSE
	EndGlobalSection
	GlobalSection(ExtensibilityGlobals) = postSolution
		SolutionGuid = {F6C92138-977B-4755-8877-8B506137898A}
	EndGlobalSection
EndGlobal
